// !$*UTF8*$!
{
	archiveVersion = 1;
	classes = {
	};
	objectVersion = 56;
	objects = {

/* Begin PBXBuildFile section */
		DA1459EC28EB0CCE006EB258 /* DetailViewController.swift in Sources */ = {isa = PBXBuildFile; fileRef = DA1459EB28EB0CCE006EB258 /* DetailViewController.swift */; };
		DA8AD66428E6E51B002F1805 /* AppDelegate.swift in Sources */ = {isa = PBXBuildFile; fileRef = DA8AD66328E6E51B002F1805 /* AppDelegate.swift */; };
		DA8AD66628E6E51B002F1805 /* SceneDelegate.swift in Sources */ = {isa = PBXBuildFile; fileRef = DA8AD66528E6E51B002F1805 /* SceneDelegate.swift */; };
		DA8AD66828E6E51B002F1805 /* ViewController.swift in Sources */ = {isa = PBXBuildFile; fileRef = DA8AD66728E6E51B002F1805 /* ViewController.swift */; };
		DA8AD66B28E6E51B002F1805 /* Main.storyboard in Resources */ = {isa = PBXBuildFile; fileRef = DA8AD66928E6E51B002F1805 /* Main.storyboard */; };
		DA8AD66D28E6E51C002F1805 /* Assets.xcassets in Resources */ = {isa = PBXBuildFile; fileRef = DA8AD66C28E6E51C002F1805 /* Assets.xcassets */; };
		DA8AD67028E6E51C002F1805 /* LaunchScreen.storyboard in Resources */ = {isa = PBXBuildFile; fileRef = DA8AD66E28E6E51C002F1805 /* LaunchScreen.storyboard */; };
		DA8AD68128E6E769002F1805 /* nssl0051.jpeg in Resources */ = {isa = PBXBuildFile; fileRef = DA8AD67828E6E769002F1805 /* nssl0051.jpeg */; };
		DA8AD68228E6E769002F1805 /* nssl0046.jpeg in Resources */ = {isa = PBXBuildFile; fileRef = DA8AD67928E6E769002F1805 /* nssl0046.jpeg */; };
		DA8AD68328E6E769002F1805 /* nssl0041.jpeg in Resources */ = {isa = PBXBuildFile; fileRef = DA8AD67A28E6E769002F1805 /* nssl0041.jpeg */; };
		DA8AD68428E6E769002F1805 /* nssl0034.jpeg in Resources */ = {isa = PBXBuildFile; fileRef = DA8AD67B28E6E769002F1805 /* nssl0034.jpeg */; };
		DA8AD68528E6E769002F1805 /* nssl0043.jpeg in Resources */ = {isa = PBXBuildFile; fileRef = DA8AD67C28E6E769002F1805 /* nssl0043.jpeg */; };
		DA8AD68628E6E769002F1805 /* nssl0045.jpeg in Resources */ = {isa = PBXBuildFile; fileRef = DA8AD67D28E6E769002F1805 /* nssl0045.jpeg */; };
		DA8AD68728E6E769002F1805 /* nssl0049.jpeg in Resources */ = {isa = PBXBuildFile; fileRef = DA8AD67E28E6E769002F1805 /* nssl0049.jpeg */; };
		DA8AD68828E6E769002F1805 /* nssl0033.jpeg in Resources */ = {isa = PBXBuildFile; fileRef = DA8AD67F28E6E769002F1805 /* nssl0033.jpeg */; };
		DA8AD68928E6E769002F1805 /* nssl0091.jpeg in Resources */ = {isa = PBXBuildFile; fileRef = DA8AD68028E6E769002F1805 /* nssl0091.jpeg */; };
/* End PBXBuildFile section */

/* Begin PBXFileReference section */
		DA1459EB28EB0CCE006EB258 /* DetailViewController.swift */ = {isa = PBXFileReference; lastKnownFileType = sourcecode.swift; path = DetailViewController.swift; sourceTree = "<group>"; };
		DA8AD66028E6E51B002F1805 /* Project 1 StormViewer.app */ = {isa = PBXFileReference; explicitFileType = wrapper.application; includeInIndex = 0; path = "Project 1 StormViewer.app"; sourceTree = BUILT_PRODUCTS_DIR; };
		DA8AD66328E6E51B002F1805 /* AppDelegate.swift */ = {isa = PBXFileReference; lastKnownFileType = sourcecode.swift; path = AppDelegate.swift; sourceTree = "<group>"; };
		DA8AD66528E6E51B002F1805 /* SceneDelegate.swift */ = {isa = PBXFileReference; lastKnownFileType = sourcecode.swift; path = SceneDelegate.swift; sourceTree = "<group>"; };
		DA8AD66728E6E51B002F1805 /* ViewController.swift */ = {isa = PBXFileReference; lastKnownFileType = sourcecode.swift; path = ViewController.swift; sourceTree = "<group>"; };
		DA8AD66A28E6E51B002F1805 /* Base */ = {isa = PBXFileReference; lastKnownFileType = file.storyboard; name = Base; path = Base.lproj/Main.storyboard; sourceTree = "<group>"; };
		DA8AD66C28E6E51C002F1805 /* Assets.xcassets */ = {isa = PBXFileReference; lastKnownFileType = folder.assetcatalog; path = Assets.xcassets; sourceTree = "<group>"; };
		DA8AD66F28E6E51C002F1805 /* Base */ = {isa = PBXFileReference; lastKnownFileType = file.storyboard; name = Base; path = Base.lproj/LaunchScreen.storyboard; sourceTree = "<group>"; };
		DA8AD67128E6E51C002F1805 /* Info.plist */ = {isa = PBXFileReference; lastKnownFileType = text.plist.xml; path = Info.plist; sourceTree = "<group>"; };
		DA8AD67828E6E769002F1805 /* nssl0051.jpeg */ = {isa = PBXFileReference; lastKnownFileType = image.jpeg; path = nssl0051.jpeg; sourceTree = "<group>"; };
		DA8AD67928E6E769002F1805 /* nssl0046.jpeg */ = {isa = PBXFileReference; lastKnownFileType = image.jpeg; path = nssl0046.jpeg; sourceTree = "<group>"; };
		DA8AD67A28E6E769002F1805 /* nssl0041.jpeg */ = {isa = PBXFileReference; lastKnownFileType = image.jpeg; path = nssl0041.jpeg; sourceTree = "<group>"; };
		DA8AD67B28E6E769002F1805 /* nssl0034.jpeg */ = {isa = PBXFileReference; lastKnownFileType = image.jpeg; path = nssl0034.jpeg; sourceTree = "<group>"; };
		DA8AD67C28E6E769002F1805 /* nssl0043.jpeg */ = {isa = PBXFileReference; lastKnownFileType = image.jpeg; path = nssl0043.jpeg; sourceTree = "<group>"; };
		DA8AD67D28E6E769002F1805 /* nssl0045.jpeg */ = {isa = PBXFileReference; lastKnownFileType = image.jpeg; path = nssl0045.jpeg; sourceTree = "<group>"; };
		DA8AD67E28E6E769002F1805 /* nssl0049.jpeg */ = {isa = PBXFileReference; lastKnownFileType = image.jpeg; path = nssl0049.jpeg; sourceTree = "<group>"; };
		DA8AD67F28E6E769002F1805 /* nssl0033.jpeg */ = {isa = PBXFileReference; lastKnownFileType = image.jpeg; path = nssl0033.jpeg; sourceTree = "<group>"; };
		DA8AD68028E6E769002F1805 /* nssl0091.jpeg */ = {isa = PBXFileReference; lastKnownFileType = image.jpeg; path = nssl0091.jpeg; sourceTree = "<group>"; };
/* End PBXFileReference section */

/* Begin PBXFrameworksBuildPhase section */
		DA8AD65D28E6E51B002F1805 /* Frameworks */ = {
			isa = PBXFrameworksBuildPhase;
			buildActionMask = 2147483647;
			files = (
			);
			runOnlyForDeploymentPostprocessing = 0;
		};
/* End PBXFrameworksBuildPhase section */

/* Begin PBXGroup section */
		DA8AD65728E6E51B002F1805 = {
			isa = PBXGroup;
			children = (
				DA8AD66228E6E51B002F1805 /* Project 1 StormViewer */,
				DA8AD66128E6E51B002F1805 /* Products */,
			);
			sourceTree = "<group>";
		};
		DA8AD66128E6E51B002F1805 /* Products */ = {
			isa = PBXGroup;
			children = (
				DA8AD66028E6E51B002F1805 /* Project 1 StormViewer.app */,
			);
			name = Products;
			sourceTree = "<group>";
		};
		DA8AD66228E6E51B002F1805 /* Project 1 StormViewer */ = {
			isa = PBXGroup;
			children = (
				DA8AD66328E6E51B002F1805 /* AppDelegate.swift */,
				DA8AD66528E6E51B002F1805 /* SceneDelegate.swift */,
				DA8AD66728E6E51B002F1805 /* ViewController.swift */,
				DA1459EB28EB0CCE006EB258 /* DetailViewController.swift */,
				DA8AD66928E6E51B002F1805 /* Main.storyboard */,
				DA8AD66C28E6E51C002F1805 /* Assets.xcassets */,
				DA8AD66E28E6E51C002F1805 /* LaunchScreen.storyboard */,
				DA8AD67128E6E51C002F1805 /* Info.plist */,
				DA8AD67728E6E769002F1805 /* Contents */,
			);
			path = "Project 1 StormViewer";
			sourceTree = "<group>";
		};
		DA8AD67728E6E769002F1805 /* Contents */ = {
			isa = PBXGroup;
			children = (
				DA8AD67828E6E769002F1805 /* nssl0051.jpeg */,
				DA8AD67928E6E769002F1805 /* nssl0046.jpeg */,
				DA8AD67A28E6E769002F1805 /* nssl0041.jpeg */,
				DA8AD67B28E6E769002F1805 /* nssl0034.jpeg */,
				DA8AD67C28E6E769002F1805 /* nssl0043.jpeg */,
				DA8AD67D28E6E769002F1805 /* nssl0045.jpeg */,
				DA8AD67E28E6E769002F1805 /* nssl0049.jpeg */,
				DA8AD67F28E6E769002F1805 /* nssl0033.jpeg */,
				DA8AD68028E6E769002F1805 /* nssl0091.jpeg */,
			);
			path = Contents;
			sourceTree = "<group>";
		};
/* End PBXGroup section */

/* Begin PBXNativeTarget section */
		DA8AD65F28E6E51B002F1805 /* Project 1 StormViewer */ = {
			isa = PBXNativeTarget;
			buildConfigurationList = DA8AD67428E6E51C002F1805 /* Build configuration list for PBXNativeTarget "Project 1 StormViewer" */;
			buildPhases = (
				DA8AD65C28E6E51B002F1805 /* Sources */,
				DA8AD65D28E6E51B002F1805 /* Frameworks */,
				DA8AD65E28E6E51B002F1805 /* Resources */,
			);
			buildRules = (
			);
			dependencies = (
			);
			name = "Project 1 StormViewer";
			productName = "Project 1 StormViewer";
			productReference = DA8AD66028E6E51B002F1805 /* Project 1 StormViewer.app */;
			productType = "com.apple.product-type.application";
		};
/* End PBXNativeTarget section */

/* Begin PBXProject section */
		DA8AD65828E6E51B002F1805 /* Project object */ = {
			isa = PBXProject;
			attributes = {
				BuildIndependentTargetsInParallel = 1;
				LastSwiftUpdateCheck = 1400;
				LastUpgradeCheck = 1400;
				TargetAttributes = {
					DA8AD65F28E6E51B002F1805 = {
						CreatedOnToolsVersion = 14.0;
					};
				};
			};
			buildConfigurationList = DA8AD65B28E6E51B002F1805 /* Build configuration list for PBXProject "Project 1 StormViewer" */;
			compatibilityVersion = "Xcode 14.0";
			developmentRegion = en;
			hasScannedForEncodings = 0;
			knownRegions = (
				en,
				Base,
			);
			mainGroup = DA8AD65728E6E51B002F1805;
			productRefGroup = DA8AD66128E6E51B002F1805 /* Products */;
			projectDirPath = "";
			projectRoot = "";
			targets = (
				DA8AD65F28E6E51B002F1805 /* Project 1 StormViewer */,
			);
		};
/* End PBXProject section */

/* Begin PBXResourcesBuildPhase section */
		DA8AD65E28E6E51B002F1805 /* Resources */ = {
			isa = PBXResourcesBuildPhase;
			buildActionMask = 2147483647;
			files = (
				DA8AD68528E6E769002F1805 /* nssl0043.jpeg in Resources */,
				DA8AD67028E6E51C002F1805 /* LaunchScreen.storyboard in Resources */,
				DA8AD68228E6E769002F1805 /* nssl0046.jpeg in Resources */,
				DA8AD68428E6E769002F1805 /* nssl0034.jpeg in Resources */,
				DA8AD68328E6E769002F1805 /* nssl0041.jpeg in Resources */,
				DA8AD66D28E6E51C002F1805 /* Assets.xcassets in Resources */,
				DA8AD68828E6E769002F1805 /* nssl0033.jpeg in Resources */,
				DA8AD68728E6E769002F1805 /* nssl0049.jpeg in Resources */,
				DA8AD66B28E6E51B002F1805 /* Main.storyboard in Resources */,
				DA8AD68128E6E769002F1805 /* nssl0051.jpeg in Resources */,
				DA8AD68628E6E769002F1805 /* nssl0045.jpeg in Resources */,
				DA8AD68928E6E769002F1805 /* nssl0091.jpeg in Resources */,
			);
			runOnlyForDeploymentPostprocessing = 0;
		};
/* End PBXResourcesBuildPhase section */

/* Begin PBXSourcesBuildPhase section */
		DA8AD65C28E6E51B002F1805 /* Sources */ = {
			isa = PBXSourcesBuildPhase;
			buildActionMask = 2147483647;
			files = (
				DA8AD66828E6E51B002F1805 /* ViewController.swift in Sources */,
				DA8AD66428E6E51B002F1805 /* AppDelegate.swift in Sources */,
				DA8AD66628E6E51B002F1805 /* SceneDelegate.swift in Sources */,
				DA1459EC28EB0CCE006EB258 /* DetailViewController.swift in Sources */,
			);
			runOnlyForDeploymentPostprocessing = 0;
		};
/* End PBXSourcesBuildPhase section */

/* Begin PBXVariantGroup section */
		DA8AD66928E6E51B002F1805 /* Main.storyboard */ = {
			isa = PBXVariantGroup;
			children = (
				DA8AD66A28E6E51B002F1805 /* Base */,
			);
			name = Main.storyboard;
			sourceTree = "<group>";
		};
		DA8AD66E28E6E51C002F1805 /* LaunchScreen.storyboard */ = {
			isa = PBXVariantGroup;
			children = (
				DA8AD66F28E6E51C002F1805 /* Base */,
			);
			name = LaunchScreen.storyboard;
			sourceTree = "<group>";
		};
/* End PBXVariantGroup section */

/* Begin XCBuildConfiguration section */
		DA8AD67228E6E51C002F1805 /* Debug */ = {
			isa = XCBuildConfiguration;
			buildSettings = {
				ALWAYS_SEARCH_USER_PATHS = NO;
				CLANG_ANALYZER_NONNULL = YES;
				CLANG_ANALYZER_NUMBER_OBJECT_CONVERSION = YES_AGGRESSIVE;
				CLANG_CXX_LANGUAGE_STANDARD = "gnu++20";
				CLANG_ENABLE_MODULES = YES;
				CLANG_ENABLE_OBJC_ARC = YES;
				CLANG_ENABLE_OBJC_WEAK = YES;
				CLANG_WARN_BLOCK_CAPTURE_AUTORELEASING = YES;
				CLANG_WARN_BOOL_CONVERSION = YES;
				CLANG_WARN_COMMA = YES;
				CLANG_WARN_CONSTANT_CONVERSION = YES;
				CLANG_WARN_DEPRECATED_OBJC_IMPLEMENTATIONS = YES;
				CLANG_WARN_DIRECT_OBJC_ISA_USAGE = YES_ERROR;
				CLANG_WARN_DOCUMENTATION_COMMENTS = YES;
				CLANG_WARN_EMPTY_BODY = YES;
				CLANG_WARN_ENUM_CONVERSION = YES;
				CLANG_WARN_INFINITE_RECURSION = YES;
				CLANG_WARN_INT_CONVERSION = YES;
				CLANG_WARN_NON_LITERAL_NULL_CONVERSION = YES;
				CLANG_WARN_OBJC_IMPLICIT_RETAIN_SELF = YES;
				CLANG_WARN_OBJC_LITERAL_CONVERSION = YES;
				CLANG_WARN_OBJC_ROOT_CLASS = YES_ERROR;
				CLANG_WARN_QUOTED_INCLUDE_IN_FRAMEWORK_HEADER = YES;
				CLANG_WARN_RANGE_LOOP_ANALYSIS = YES;
				CLANG_WARN_STRICT_PROTOTYPES = YES;
				CLANG_WARN_SUSPICIOUS_MOVE = YES;
				CLANG_WARN_UNGUARDED_AVAILABILITY = YES_AGGRESSIVE;
				CLANG_WARN_UNREACHABLE_CODE = YES;
				CLANG_WARN__DUPLICATE_METHOD_MATCH = YES;
				COPY_PHASE_STRIP = NO;
				DEBUG_INFORMATION_FORMAT = dwarf;
				ENABLE_STRICT_OBJC_MSGSEND = YES;
				ENABLE_TESTABILITY = YES;
				GCC_C_LANGUAGE_STANDARD = gnu11;
				GCC_DYNAMIC_NO_PIC = NO;
				GCC_NO_COMMON_BLOCKS = YES;
				GCC_OPTIMIZATION_LEVEL = 0;
				GCC_PREPROCESSOR_DEFINITIONS = (
					"DEBUG=1",
					"$(inherited)",
				);
				GCC_WARN_64_TO_32_BIT_CONVERSION = YES;
				GCC_WARN_ABOUT_RETURN_TYPE = YES_ERROR;
				GCC_WARN_UNDECLARED_SELECTOR = YES;
				GCC_WARN_UNINITIALIZED_AUTOS = YES_AGGRESSIVE;
				GCC_WARN_UNUSED_FUNCTION = YES;
				GCC_WARN_UNUSED_VARIABLE = YES;
				IPHONEOS_DEPLOYMENT_TARGET = 16.0;
				MTL_ENABLE_DEBUG_INFO = INCLUDE_SOURCE;
				MTL_FAST_MATH = YES;
				ONLY_ACTIVE_ARCH = YES;
				SDKROOT = iphoneos;
				SWIFT_ACTIVE_COMPILATION_CONDITIONS = DEBUG;
				SWIFT_OPTIMIZATION_LEVEL = "-Onone";
			};
			name = Debug;
		};
		DA8AD67328E6E51C002F1805 /* Release */ = {
			isa = XCBuildConfiguration;
			buildSettings = {
				ALWAYS_SEARCH_USER_PATHS = NO;
				CLANG_ANALYZER_NONNULL = YES;
				CLANG_ANALYZER_NUMBER_OBJECT_CONVERSION = YES_AGGRESSIVE;
				CLANG_CXX_LANGUAGE_STANDARD = "gnu++20";
				CLANG_ENABLE_MODULES = YES;
				CLANG_ENABLE_OBJC_ARC = YES;
				CLANG_ENABLE_OBJC_WEAK = YES;
				CLANG_WARN_BLOCK_CAPTURE_AUTORELEASING = YES;
				CLANG_WARN_BOOL_CONVERSION = YES;
				CLANG_WARN_COMMA = YES;
				CLANG_WARN_CONSTANT_CONVERSION = YES;
				CLANG_WARN_DEPRECATED_OBJC_IMPLEMENTATIONS = YES;
				CLANG_WARN_DIRECT_OBJC_ISA_USAGE = YES_ERROR;
				CLANG_WARN_DOCUMENTATION_COMMENTS = YES;
				CLANG_WARN_EMPTY_BODY = YES;
				CLANG_WARN_ENUM_CONVERSION = YES;
				CLANG_WARN_INFINITE_RECURSION = YES;
				CLANG_WARN_INT_CONVERSION = YES;
				CLANG_WARN_NON_LITERAL_NULL_CONVERSION = YES;
				CLANG_WARN_OBJC_IMPLICIT_RETAIN_SELF = YES;
				CLANG_WARN_OBJC_LITERAL_CONVERSION = YES;
				CLANG_WARN_OBJC_ROOT_CLASS = YES_ERROR;
				CLANG_WARN_QUOTED_INCLUDE_IN_FRAMEWORK_HEADER = YES;
				CLANG_WARN_RANGE_LOOP_ANALYSIS = YES;
				CLANG_WARN_STRICT_PROTOTYPES = YES;
				CLANG_WARN_SUSPICIOUS_MOVE = YES;
				CLANG_WARN_UNGUARDED_AVAILABILITY = YES_AGGRESSIVE;
				CLANG_WARN_UNREACHABLE_CODE = YES;
				CLANG_WARN__DUPLICATE_METHOD_MATCH = YES;
				COPY_PHASE_STRIP = NO;
				DEBUG_INFORMATION_FORMAT = "dwarf-with-dsym";
				ENABLE_NS_ASSERTIONS = NO;
				ENABLE_STRICT_OBJC_MSGSEND = YES;
				GCC_C_LANGUAGE_STANDARD = gnu11;
				GCC_NO_COMMON_BLOCKS = YES;
				GCC_WARN_64_TO_32_BIT_CONVERSION = YES;
				GCC_WARN_ABOUT_RETURN_TYPE = YES_ERROR;
				GCC_WARN_UNDECLARED_SELECTOR = YES;
				GCC_WARN_UNINITIALIZED_AUTOS = YES_AGGRESSIVE;
				GCC_WARN_UNUSED_FUNCTION = YES;
				GCC_WARN_UNUSED_VARIABLE = YES;
				IPHONEOS_DEPLOYMENT_TARGET = 16.0;
				MTL_ENABLE_DEBUG_INFO = NO;
				MTL_FAST_MATH = YES;
				SDKROOT = iphoneos;
				SWIFT_COMPILATION_MODE = wholemodule;
				SWIFT_OPTIMIZATION_LEVEL = "-O";
				VALIDATE_PRODUCT = YES;
			};
			name = Release;
		};
		DA8AD67528E6E51C002F1805 /* Debug */ = {
			isa = XCBuildConfiguration;
			buildSettings = {
				ASSETCATALOG_COMPILER_APPICON_NAME = AppIcon;
				ASSETCATALOG_COMPILER_GLOBAL_ACCENT_COLOR_NAME = AccentColor;
				CODE_SIGN_STYLE = Automatic;
				CURRENT_PROJECT_VERSION = 1;
				DEVELOPMENT_TEAM = YZA682M29P;
				GENERATE_INFOPLIST_FILE = YES;
				INFOPLIST_FILE = "Project 1 StormViewer/Info.plist";
				INFOPLIST_KEY_UIApplicationSupportsIndirectInputEvents = YES;
				INFOPLIST_KEY_UILaunchStoryboardName = LaunchScreen;
				INFOPLIST_KEY_UIMainStoryboardFile = Main;
				INFOPLIST_KEY_UISupportedInterfaceOrientations_iPad = "UIInterfaceOrientationPortrait UIInterfaceOrientationPortraitUpsideDown UIInterfaceOrientationLandscapeLeft UIInterfaceOrientationLandscapeRight";
				INFOPLIST_KEY_UISupportedInterfaceOrientations_iPhone = "UIInterfaceOrientationPortrait UIInterfaceOrientationLandscapeLeft UIInterfaceOrientationLandscapeRight";
				LD_RUNPATH_SEARCH_PATHS = (
					"$(inherited)",
					"@executable_path/Frameworks",
				);
				MARKETING_VERSION = 1.0;
				PRODUCT_BUNDLE_IDENTIFIER = "maiLeano.Project-1-StormViewer";
				PRODUCT_NAME = "$(TARGET_NAME)";
				SWIFT_EMIT_LOC_STRINGS = YES;
				SWIFT_VERSION = 5.0;
				TARGETED_DEVICE_FAMILY = "1,2";
			};
			name = Debug;
		};
		DA8AD67628E6E51C002F1805 /* Release */ = {
			isa = XCBuildConfiguration;
			buildSettings = {
				ASSETCATALOG_COMPILER_APPICON_NAME = AppIcon;
				ASSETCATALOG_COMPILER_GLOBAL_ACCENT_COLOR_NAME = AccentColor;
				CODE_SIGN_STYLE = Automatic;
				CURRENT_PROJECT_VERSION = 1;
				DEVELOPMENT_TEAM = YZA682M29P;
				GENERATE_INFOPLIST_FILE = YES;
				INFOPLIST_FILE = "Project 1 StormViewer/Info.plist";
				INFOPLIST_KEY_UIApplicationSupportsIndirectInputEvents = YES;
				INFOPLIST_KEY_UILaunchStoryboardName = LaunchScreen;
				INFOPLIST_KEY_UIMainStoryboardFile = Main;
				INFOPLIST_KEY_UISupportedInterfaceOrientations_iPad = "UIInterfaceOrientationPortrait UIInterfaceOrientationPortraitUpsideDown UIInterfaceOrientationLandscapeLeft UIInterfaceOrientationLandscapeRight";
				INFOPLIST_KEY_UISupportedInterfaceOrientations_iPhone = "UIInterfaceOrientationPortrait UIInterfaceOrientationLandscapeLeft UIInterfaceOrientationLandscapeRight";
				LD_RUNPATH_SEARCH_PATHS = (
					"$(inherited)",
					"@executable_path/Frameworks",
				);
				MARKETING_VERSION = 1.0;
				PRODUCT_BUNDLE_IDENTIFIER = "maiLeano.Project-1-StormViewer";
				PRODUCT_NAME = "$(TARGET_NAME)";
				SWIFT_EMIT_LOC_STRINGS = YES;
				SWIFT_VERSION = 5.0;
				TARGETED_DEVICE_FAMILY = "1,2";
			};
			name = Release;
		};
/* End XCBuildConfiguration section */

/* Begin XCConfigurationList section */
		DA8AD65B28E6E51B002F1805 /* Build configuration list for PBXProject "Project 1 StormViewer" */ = {
			isa = XCConfigurationList;
			buildConfigurations = (
				DA8AD67228E6E51C002F1805 /* Debug */,
				DA8AD67328E6E51C002F1805 /* Release */,
			);
			defaultConfigurationIsVisible = 0;
			defaultConfigurationName = Release;
		};
		DA8AD67428E6E51C002F1805 /* Build configuration list for PBXNativeTarget "Project 1 StormViewer" */ = {
			isa = XCConfigurationList;
			buildConfigurations = (
				DA8AD67528E6E51C002F1805 /* Debug */,
				DA8AD67628E6E51C002F1805 /* Release */,
			);
			defaultConfigurationIsVisible = 0;
			defaultConfigurationName = Release;
		};
/* End XCConfigurationList section */
	};
	rootObject = DA8AD65828E6E51B002F1805 /* Project object */;
}
